
Microsoft Visual Studio Solution File, Format Version 12.00
# Visual Studio Version 17
VisualStudioVersion = 17.4.33110.190
MinimumVisualStudioVersion = 10.0.40219.1
Project("{9A19103F-16F7-4668-BE54-9A1E7A4F7556}") = "Entity", "Entity\Entity.csproj", "{D7FF1D49-8BAC-486C-B7EF-16C5A6E6295E}"
EndProject
Project("{9A19103F-16F7-4668-BE54-9A1E7A4F7556}") = "Persistence", "DataAccess\Persistence.csproj", "{468E4728-3E93-4977-94BB-80E5A71A32D6}"
EndProject
Project("{9A19103F-16F7-4668-BE54-9A1E7A4F7556}") = "Core", "Core\Core.csproj", "{03D8DF79-9C4D-472C-9F21-03C7D0F3532D}"
EndProject
Project("{9A19103F-16F7-4668-BE54-9A1E7A4F7556}") = "Business", "Business\Business.csproj", "{D30BB066-15F5-4BD2-BBBF-A88392F96457}"
EndProject
Project("{FAE04EC0-301F-11D3-BF4B-00C04F79EFBC}") = "WebApi", "WebApi\WebApi.csproj", "{23DA2CE7-A0A4-419B-A9B5-F3441F105316}"
EndProject
Global
	GlobalSection(SolutionConfigurationPlatforms) = preSolution
		Debug|Any CPU = Debug|Any CPU
		Release|Any CPU = Release|Any CPU
	EndGlobalSection
	GlobalSection(ProjectConfigurationPlatforms) = postSolution
		{D7FF1D49-8BAC-486C-B7EF-16C5A6E6295E}.Debug|Any CPU.ActiveCfg = Debug|Any CPU
		{D7FF1D49-8BAC-486C-B7EF-16C5A6E6295E}.Debug|Any CPU.Build.0 = Debug|Any CPU
		{D7FF1D49-8BAC-486C-B7EF-16C5A6E6295E}.Release|Any CPU.ActiveCfg = Release|Any CPU
		{D7FF1D49-8BAC-486C-B7EF-16C5A6E6295E}.Release|Any CPU.Build.0 = Release|Any CPU
		{468E4728-3E93-4977-94BB-80E5A71A32D6}.Debug|Any CPU.ActiveCfg = Debug|Any CPU
		{468E4728-3E93-4977-94BB-80E5A71A32D6}.Debug|Any CPU.Build.0 = Debug|Any CPU
		{468E4728-3E93-4977-94BB-80E5A71A32D6}.Release|Any CPU.ActiveCfg = Release|Any CPU
		{468E4728-3E93-4977-94BB-80E5A71A32D6}.Release|Any CPU.Build.0 = Release|Any CPU
		{03D8DF79-9C4D-472C-9F21-03C7D0F3532D}.Debug|Any CPU.ActiveCfg = Debug|Any CPU
		{03D8DF79-9C4D-472C-9F21-03C7D0F3532D}.Debug|Any CPU.Build.0 = Debug|Any CPU
		{03D8DF79-9C4D-472C-9F21-03C7D0F3532D}.Release|Any CPU.ActiveCfg = Release|Any CPU
		{03D8DF79-9C4D-472C-9F21-03C7D0F3532D}.Release|Any CPU.Build.0 = Release|Any CPU
		{D30BB066-15F5-4BD2-BBBF-A88392F96457}.Debug|Any CPU.ActiveCfg = Debug|Any CPU
		{D30BB066-15F5-4BD2-BBBF-A88392F96457}.Debug|Any CPU.Build.0 = Debug|Any CPU
		{D30BB066-15F5-4BD2-BBBF-A88392F96457}.Release|Any CPU.ActiveCfg = Release|Any CPU
		{D30BB066-15F5-4BD2-BBBF-A88392F96457}.Release|Any CPU.Build.0 = Release|Any CPU
		{23DA2CE7-A0A4-419B-A9B5-F3441F105316}.Debug|Any CPU.ActiveCfg = Debug|Any CPU
		{23DA2CE7-A0A4-419B-A9B5-F3441F105316}.Debug|Any CPU.Build.0 = Debug|Any CPU
		{23DA2CE7-A0A4-419B-A9B5-F3441F105316}.Release|Any CPU.ActiveCfg = Release|Any CPU
		{23DA2CE7-A0A4-419B-A9B5-F3441F105316}.Release|Any CPU.Build.0 = Release|Any CPU
	EndGlobalSection
	GlobalSection(SolutionProperties) = preSolution
		HideSolutionNode = FALSE
	EndGlobalSection
	GlobalSection(ExtensibilityGlobals) = postSolution
		SolutionGuid = {8B65E8AB-3A00-4CCF-A922-55A744B132F1}
	EndGlobalSection
EndGlobal
